{
	"name": "realworld.svelte.dev",
	"version": "1.0.1-next.0",
	"lockfileVersion": 1,
	"requires": true,
	"dependencies": {
		"@iarna/toml": {
			"version": "2.2.5",
			"resolved": "https://registry.nlark.com/@iarna/toml/download/@iarna/toml-2.2.5.tgz",
			"integrity": "sha1-syNmyJtDxvjO+976x3i5yCjjuow=",
			"dev": true
		},
		"@rollup/pluginutils": {
			"version": "4.1.1",
			"resolved": "https://registry.nlark.com/@rollup/pluginutils/download/@rollup/pluginutils-4.1.1.tgz?cache=0&sync_timestamp=1626393703548&other_urls=https%3A%2F%2Fregistry.nlark.com%2F%40rollup%2Fpluginutils%2Fdownload%2F%40rollup%2Fpluginutils-4.1.1.tgz",
			"integrity": "sha1-HU2obdTt7RVlalfZM/2iuaCNR+w=",
			"dev": true,
			"requires": {
				"estree-walker": "^2.0.1",
				"picomatch": "^2.2.2"
			}
		},
		"@sveltejs/adapter-netlify": {
			"version": "1.0.0-next.33",
			"resolved": "https://registry.npmmirror.com/@sveltejs/adapter-netlify/download/@sveltejs/adapter-netlify-1.0.0-next.33.tgz",
			"integrity": "sha1-WnMjKQH5SsIU1qJ+CyoPD67FbII=",
			"dev": true,
			"requires": {
				"@iarna/toml": "^2.2.5",
				"esbuild": "^0.13.4"
			}
		},
		"@sveltejs/adapter-vercel": {
			"version": "1.0.0-next.31",
			"resolved": "https://registry.npmmirror.com/@sveltejs/adapter-vercel/download/@sveltejs/adapter-vercel-1.0.0-next.31.tgz",
			"integrity": "sha1-ifVQhx29v1i7S2A5IYy9DBTEcSc=",
			"dev": true,
			"requires": {
				"esbuild": "^0.13.4"
			}
		},
		"@sveltejs/kit": {
			"version": "1.0.0-next.196",
			"resolved": "https://registry.npmmirror.com/@sveltejs/kit/download/@sveltejs/kit-1.0.0-next.196.tgz",
			"integrity": "sha512-z7sA/2/3Il5biibjPXCYXJC11TyFhgCvMaJvvbtMnu2l3EmOmJBMS+r2djGptzfFsugSVNwGQFn8+ldWQWq3jA==",
			"dev": true,
			"requires": {
				"@sveltejs/vite-plugin-svelte": "^1.0.0-next.30",
				"cheap-watch": "^1.0.4",
				"sade": "^1.7.4",
				"vite": "^2.6.12"
			}
		},
		"@sveltejs/vite-plugin-svelte": {
			"version": "1.0.0-next.30",
			"resolved": "https://registry.npmmirror.com/@sveltejs/vite-plugin-svelte/download/@sveltejs/vite-plugin-svelte-1.0.0-next.30.tgz",
			"integrity": "sha1-ps0YG7QG1ZDB+o1IDFWVDVZ2ifk=",
			"dev": true,
			"requires": {
				"@rollup/pluginutils": "^4.1.1",
				"debug": "^4.3.2",
				"kleur": "^4.1.4",
				"magic-string": "^0.25.7",
				"require-relative": "^0.8.7",
				"svelte-hmr": "^0.14.7"
			}
		},
		"cheap-watch": {
			"version": "1.0.4",
			"resolved": "https://registry.nlark.com/cheap-watch/download/cheap-watch-1.0.4.tgz",
			"integrity": "sha1-C8tKOo+9nVMnk2ST9rVrqmaNj+8=",
			"dev": true
		},
		"cookie": {
			"version": "0.4.1",
			"resolved": "https://registry.npmjs.org/cookie/-/cookie-0.4.1.tgz",
			"integrity": "sha512-ZwrFkGJxUR3EIoXtO+yVE69Eb7KlixbaeAWfBQB9vVsNn/o+Yw69gBWSSDK825hQNdN+wF8zELf3dFNl/kxkUA=="
		},
		"debug": {
			"version": "4.3.2",
			"resolved": "https://registry.npmmirror.com/debug/download/debug-4.3.2.tgz",
			"integrity": "sha1-8KScGKyHeeMdSgxgKd+3aHPHQos=",
			"dev": true,
			"requires": {
				"ms": "2.1.2"
			}
		},
		"esbuild": {
			"version": "0.13.14",
			"resolved": "https://registry.npmmirror.com/esbuild/download/esbuild-0.13.14.tgz",
			"integrity": "sha512-xu4D+1ji9x53ocuomcY+KOrwAnWzhBu/wTEjpdgZ8I1c8i5vboYIeigMdzgY1UowYBKa2vZgVgUB32bu7gkxeg==",
			"dev": true,
			"requires": {
				"esbuild-android-arm64": "0.13.14",
				"esbuild-darwin-64": "0.13.14",
				"esbuild-darwin-arm64": "0.13.14",
				"esbuild-freebsd-64": "0.13.14",
				"esbuild-freebsd-arm64": "0.13.14",
				"esbuild-linux-32": "0.13.14",
				"esbuild-linux-64": "0.13.14",
				"esbuild-linux-arm": "0.13.14",
				"esbuild-linux-arm64": "0.13.14",
				"esbuild-linux-mips64le": "0.13.14",
				"esbuild-linux-ppc64le": "0.13.14",
				"esbuild-netbsd-64": "0.13.14",
				"esbuild-openbsd-64": "0.13.14",
				"esbuild-sunos-64": "0.13.14",
				"esbuild-windows-32": "0.13.14",
				"esbuild-windows-64": "0.13.14",
				"esbuild-windows-arm64": "0.13.14"
			}
		},
		"esbuild-android-arm64": {
			"version": "0.13.14",
			"resolved": "https://registry.npmmirror.com/esbuild-android-arm64/download/esbuild-android-arm64-0.13.14.tgz?cache=0&sync_timestamp=1637048214382&other_urls=https%3A%2F%2Fregistry.npmmirror.com%2Fesbuild-android-arm64%2Fdownload%2Fesbuild-android-arm64-0.13.14.tgz",
			"integrity": "sha512-Q+Xhfp827r+ma8/DJgpMRUbDZfefsk13oePFEXEIJ4gxFbNv5+vyiYXYuKm43/+++EJXpnaYmEnu4hAKbAWYbA==",
			"dev": true,
			"optional": true
		},
		"esbuild-darwin-64": {
			"version": "0.13.14",
			"resolved": "https://registry.npmmirror.com/esbuild-darwin-64/download/esbuild-darwin-64-0.13.14.tgz?cache=0&sync_timestamp=1637048217854&other_urls=https%3A%2F%2Fregistry.npmmirror.com%2Fesbuild-darwin-64%2Fdownload%2Fesbuild-darwin-64-0.13.14.tgz",
			"integrity": "sha512-YmOhRns6QBNSjpVdTahi/yZ8dscx9ai7a6OY6z5ACgOuQuaQ2Qk2qgJ0/siZ6LgD0gJFMV8UINFV5oky5TFNQQ==",
			"dev": true,
			"optional": true
		},
		"esbuild-darwin-arm64": {
			"version": "0.13.14",
			"resolved": "https://registry.npmmirror.com/esbuild-darwin-arm64/download/esbuild-darwin-arm64-0.13.14.tgz?cache=0&sync_timestamp=1637047812467&other_urls=https%3A%2F%2Fregistry.npmmirror.com%2Fesbuild-darwin-arm64%2Fdownload%2Fesbuild-darwin-arm64-0.13.14.tgz",
			"integrity": "sha512-Lp00VTli2jqZghSa68fx3fEFCPsO1hK59RMo1PRap5RUjhf55OmaZTZYnCDI0FVlCtt+gBwX5qwFt4lc6tI1xg==",
			"dev": true,
			"optional": true
		},
		"esbuild-freebsd-64": {
			"version": "0.13.14",
			"resolved": "https://registry.npmmirror.com/esbuild-freebsd-64/download/esbuild-freebsd-64-0.13.14.tgz?cache=0&sync_timestamp=1637047570885&other_urls=https%3A%2F%2Fregistry.npmmirror.com%2Fesbuild-freebsd-64%2Fdownload%2Fesbuild-freebsd-64-0.13.14.tgz",
			"integrity": "sha512-BKosI3jtvTfnmsCW37B1TyxMUjkRWKqopR0CE9AF2ratdpkxdR24Vpe3gLKNyWiZ7BE96/SO5/YfhbPUzY8wKw==",
			"dev": true,
			"optional": true
		},
		"esbuild-freebsd-arm64": {
			"version": "0.13.14",
			"resolved": "https://registry.npmmirror.com/esbuild-freebsd-arm64/download/esbuild-freebsd-arm64-0.13.14.tgz?cache=0&sync_timestamp=1637047570297&other_urls=https%3A%2F%2Fregistry.npmmirror.com%2Fesbuild-freebsd-arm64%2Fdownload%2Fesbuild-freebsd-arm64-0.13.14.tgz",
			"integrity": "sha512-yd2uh0yf+fWv5114+SYTl4/1oDWtr4nN5Op+PGxAkMqHfYfLjFKpcxwCo/QOS/0NWqPVE8O41IYZlFhbEN2B8Q==",
			"dev": true,
			"optional": true
		},
		"esbuild-linux-32": {
			"version": "0.13.14",
			"resolved": "https://registry.npmmirror.com/esbuild-linux-32/download/esbuild-linux-32-0.13.14.tgz?cache=0&sync_timestamp=1637047813277&other_urls=https%3A%2F%2Fregistry.npmmirror.com%2Fesbuild-linux-32%2Fdownload%2Fesbuild-linux-32-0.13.14.tgz",
			"integrity": "sha512-a8rOnS1oWSfkkYWXoD2yXNV4BdbDKA7PNVQ1klqkY9SoSApL7io66w5H44mTLsfyw7G6Z2vLlaLI2nz9MMAowA==",
			"dev": true,
			"optional": true
		},
		"esbuild-linux-64": {
			"version": "0.13.14",
			"resolved": "https://registry.npmmirror.com/esbuild-linux-64/download/esbuild-linux-64-0.13.14.tgz?cache=0&sync_timestamp=1637047813725&other_urls=https%3A%2F%2Fregistry.npmmirror.com%2Fesbuild-linux-64%2Fdownload%2Fesbuild-linux-64-0.13.14.tgz",
			"integrity": "sha512-yPZSoMs9W2MC3Dw+6kflKt5FfQm6Dicex9dGIr1OlHRsn3Hm7yGMUTctlkW53KknnZdOdcdd5upxvbxqymczVQ==",
			"dev": true,
			"optional": true
		},
		"esbuild-linux-arm": {
			"version": "0.13.14",
			"resolved": "https://registry.npmmirror.com/esbuild-linux-arm/download/esbuild-linux-arm-0.13.14.tgz?cache=0&sync_timestamp=1637047811919&other_urls=https%3A%2F%2Fregistry.npmmirror.com%2Fesbuild-linux-arm%2Fdownload%2Fesbuild-linux-arm-0.13.14.tgz",
			"integrity": "sha512-8chZE4pkKRvJ/M/iwsNQ1KqsRg2RyU5eT/x2flNt/f8F2TVrDreR7I0HEeCR50wLla3B1C3wTIOzQBmjuc6uWg==",
			"dev": true,
			"optional": true
		},
		"esbuild-linux-arm64": {
			"version": "0.13.14",
			"resolved": "https://registry.npmmirror.com/esbuild-linux-arm64/download/esbuild-linux-arm64-0.13.14.tgz?cache=0&sync_timestamp=1637047815231&other_urls=https%3A%2F%2Fregistry.npmmirror.com%2Fesbuild-linux-arm64%2Fdownload%2Fesbuild-linux-arm64-0.13.14.tgz",
			"integrity": "sha512-Lvo391ln9PzC334e+jJ2S0Rt0cxP47eoH5gFyv/E8HhOnEJTvm7A+RRnMjjHnejELacTTfYgFGQYPjLsi/jObQ==",
			"dev": true,
			"optional": true
		},
		"esbuild-linux-mips64le": {
			"version": "0.13.14",
			"resolved": "https://registry.npmmirror.com/esbuild-linux-mips64le/download/esbuild-linux-mips64le-0.13.14.tgz",
			"integrity": "sha512-MZhgxbmrWbpY3TOE029O6l5tokG9+Yoj2hW7vdit/d/VnmneqeGrSHADuDL6qXM8L5jaCiaivb4VhsyVCpdAbQ==",
			"dev": true,
			"optional": true
		},
		"esbuild-linux-ppc64le": {
			"version": "0.13.14",
			"resolved": "https://registry.npmmirror.com/esbuild-linux-ppc64le/download/esbuild-linux-ppc64le-0.13.14.tgz?cache=0&sync_timestamp=1637047814664&other_urls=https%3A%2F%2Fregistry.npmmirror.com%2Fesbuild-linux-ppc64le%2Fdownload%2Fesbuild-linux-ppc64le-0.13.14.tgz",
			"integrity": "sha512-un7KMwS7fX1Un6BjfSZxTT8L5cV/8Uf4SAhM7WYy2XF8o8TI+uRxxD03svZnRNIPsN2J5cl6qV4n7Iwz+yhhVw==",
			"dev": true,
			"optional": true
		},
		"esbuild-netbsd-64": {
			"version": "0.13.14",
			"resolved": "https://registry.npmmirror.com/esbuild-netbsd-64/download/esbuild-netbsd-64-0.13.14.tgz?cache=0&sync_timestamp=1637047569826&other_urls=https%3A%2F%2Fregistry.npmmirror.com%2Fesbuild-netbsd-64%2Fdownload%2Fesbuild-netbsd-64-0.13.14.tgz",
			"integrity": "sha512-5ekKx/YbOmmlTeNxBjh38Uh5TGn5C4uyqN17i67k18pS3J+U2hTVD7rCxcFcRS1AjNWumkVL3jWqYXadFwMS0Q==",
			"dev": true,
			"optional": true
		},
		"esbuild-openbsd-64": {
			"version": "0.13.14",
			"resolved": "https://registry.npmmirror.com/esbuild-openbsd-64/download/esbuild-openbsd-64-0.13.14.tgz?cache=0&sync_timestamp=1637047569414&other_urls=https%3A%2F%2Fregistry.npmmirror.com%2Fesbuild-openbsd-64%2Fdownload%2Fesbuild-openbsd-64-0.13.14.tgz",
			"integrity": "sha512-9bzvwewHjct2Cv5XcVoE1yW5YTW12Sk838EYfA46abgnhxGoFSD1mFcaztp5HHC43AsF+hQxbSFG/RilONARUA==",
			"dev": true,
			"optional": true
		},
		"esbuild-sunos-64": {
			"version": "0.13.14",
			"resolved": "https://registry.npmmirror.com/esbuild-sunos-64/download/esbuild-sunos-64-0.13.14.tgz?cache=0&sync_timestamp=1637048220932&other_urls=https%3A%2F%2Fregistry.npmmirror.com%2Fesbuild-sunos-64%2Fdownload%2Fesbuild-sunos-64-0.13.14.tgz",
			"integrity": "sha512-mjMrZB76M6FmoiTvj/RGWilrioR7gVwtFBRVugr9qLarXMIU1W/pQx+ieEOtflrW61xo8w1fcxyHsVVGRvoQ0w==",
			"dev": true,
			"optional": true
		},
		"esbuild-windows-32": {
			"version": "0.13.14",
			"resolved": "https://registry.npmmirror.com/esbuild-windows-32/download/esbuild-windows-32-0.13.14.tgz?cache=0&sync_timestamp=1637047592634&other_urls=https%3A%2F%2Fregistry.npmmirror.com%2Fesbuild-windows-32%2Fdownload%2Fesbuild-windows-32-0.13.14.tgz",
			"integrity": "sha512-GZa6mrx2rgfbH/5uHg0Rdw50TuOKbdoKCpEBitzmG5tsXBdce+cOL+iFO5joZc6fDVCLW3Y6tjxmSXRk/v20Hg==",
			"dev": true,
			"optional": true
		},
		"esbuild-windows-64": {
			"version": "0.13.14",
			"resolved": "https://registry.npmmirror.com/esbuild-windows-64/download/esbuild-windows-64-0.13.14.tgz?cache=0&sync_timestamp=1637047932053&other_urls=https%3A%2F%2Fregistry.npmmirror.com%2Fesbuild-windows-64%2Fdownload%2Fesbuild-windows-64-0.13.14.tgz",
			"integrity": "sha512-Lsgqah24bT7ClHjLp/Pj3A9wxjhIAJyWQcrOV4jqXAFikmrp2CspA8IkJgw7HFjx6QrJuhpcKVbCAe/xw0i2yw==",
			"dev": true,
			"optional": true
		},
		"esbuild-windows-arm64": {
			"version": "0.13.14",
			"resolved": "https://registry.npmmirror.com/esbuild-windows-arm64/download/esbuild-windows-arm64-0.13.14.tgz?cache=0&sync_timestamp=1637047568214&other_urls=https%3A%2F%2Fregistry.npmmirror.com%2Fesbuild-windows-arm64%2Fdownload%2Fesbuild-windows-arm64-0.13.14.tgz",
			"integrity": "sha512-KP8FHVlWGhM7nzYtURsGnskXb/cBCPTfj0gOKfjKq2tHtYnhDZywsUG57nk7TKhhK0fL11LcejHG3LRW9RF/9A==",
			"dev": true,
			"optional": true
		},
		"estree-walker": {
			"version": "2.0.2",
			"resolved": "https://registry.nlark.com/estree-walker/download/estree-walker-2.0.2.tgz",
			"integrity": "sha1-UvAQF4wqTBF6d1fP6UKtt9LaTKw=",
			"dev": true
		},
		"fsevents": {
			"version": "2.3.2",
			"resolved": "https://registry.npmmirror.com/fsevents/download/fsevents-2.3.2.tgz",
			"integrity": "sha1-ilJveLj99GI7cJ4Ll1xSwkwC/Ro=",
			"dev": true,
			"optional": true
		},
		"function-bind": {
			"version": "1.1.1",
			"resolved": "https://registry.nlark.com/function-bind/download/function-bind-1.1.1.tgz",
			"integrity": "sha1-pWiZ0+o8m6uHS7l3O3xe3pL0iV0=",
			"dev": true
		},
		"has": {
			"version": "1.0.3",
			"resolved": "https://registry.nlark.com/has/download/has-1.0.3.tgz",
			"integrity": "sha1-ci18v8H2qoJB8W3YFOAR4fQeh5Y=",
			"dev": true,
			"requires": {
				"function-bind": "^1.1.1"
			}
		},
		"is-core-module": {
			"version": "2.8.0",
			"resolved": "https://registry.npmmirror.com/is-core-module/download/is-core-module-2.8.0.tgz?cache=0&sync_timestamp=1634237302390&other_urls=https%3A%2F%2Fregistry.npmmirror.com%2Fis-core-module%2Fdownload%2Fis-core-module-2.8.0.tgz",
			"integrity": "sha1-AyEzbD0JJeSX/Zf12VyxFKXM1Ug=",
			"dev": true,
			"requires": {
				"has": "^1.0.3"
			}
		},
		"kleur": {
			"version": "4.1.4",
			"resolved": "https://registry.nlark.com/kleur/download/kleur-4.1.4.tgz",
			"integrity": "sha1-jCAph9fld3ZtA5qM1GGTTAHNoE0=",
			"dev": true
		},
		"magic-string": {
			"version": "0.25.7",
			"resolved": "https://registry.nlark.com/magic-string/download/magic-string-0.25.7.tgz",
			"integrity": "sha1-P0l9b9NMZpxnmNy4IfLvMfVEUFE=",
			"dev": true,
			"requires": {
				"sourcemap-codec": "^1.4.4"
			}
		},
		"marked": {
			"version": "2.1.3",
			"resolved": "https://registry.npmjs.org/marked/-/marked-2.1.3.tgz",
			"integrity": "sha512-/Q+7MGzaETqifOMWYEA7HVMaZb4XbcRfaOzcSsHZEith83KGlvaSG33u0SKu89Mj5h+T8V2hM+8O45Qc5XTgwA==",
			"dev": true
		},
		"mri": {
			"version": "1.2.0",
			"resolved": "https://registry.nlark.com/mri/download/mri-1.2.0.tgz",
			"integrity": "sha1-ZyFID+wqEaSImGERWki2y+fMjws=",
			"dev": true
		},
		"ms": {
			"version": "2.1.2",
			"resolved": "https://registry.npmmirror.com/ms/download/ms-2.1.2.tgz",
			"integrity": "sha1-0J0fNXtEP0kzgqjrPM0YOHKuYAk=",
			"dev": true
		},
		"nanoid": {
			"version": "3.1.30",
			"resolved": "https://registry.npmmirror.com/nanoid/download/nanoid-3.1.30.tgz?cache=0&other_urls=https%3A%2F%2Fregistry.npmmirror.com%2Fnanoid%2Fdownload%2Fnanoid-3.1.30.tgz",
			"integrity": "sha1-Y/k8xUjSoRPcXfvGO/oJ4rm2Q2I=",
			"dev": true
		},
		"path-parse": {
			"version": "1.0.7",
			"resolved": "https://registry.nlark.com/path-parse/download/path-parse-1.0.7.tgz?cache=0&sync_timestamp=1622604541821&other_urls=https%3A%2F%2Fregistry.nlark.com%2Fpath-parse%2Fdownload%2Fpath-parse-1.0.7.tgz",
			"integrity": "sha1-+8EUtgykKzDZ2vWFjkvWi77bZzU=",
			"dev": true
		},
		"picocolors": {
			"version": "1.0.0",
			"resolved": "https://registry.npmmirror.com/picocolors/download/picocolors-1.0.0.tgz?cache=0&sync_timestamp=1634093378416&other_urls=https%3A%2F%2Fregistry.npmmirror.com%2Fpicocolors%2Fdownload%2Fpicocolors-1.0.0.tgz",
			"integrity": "sha1-y1vcdP8/UYkiNur3nWi8RFZKuBw=",
			"dev": true
		},
		"picomatch": {
			"version": "2.3.0",
			"resolved": "https://registry.nlark.com/picomatch/download/picomatch-2.3.0.tgz",
			"integrity": "sha1-8fBh3o9qS/AiiS4tEoI0+5gwKXI=",
			"dev": true
		},
		"postcss": {
			"version": "8.3.11",
			"resolved": "https://registry.npmmirror.com/postcss/download/postcss-8.3.11.tgz",
			"integrity": "sha1-w77KfqgRzV4cSj7G0udZnvH4+Fg=",
			"dev": true,
			"requires": {
				"nanoid": "^3.1.30",
				"picocolors": "^1.0.0",
				"source-map-js": "^0.6.2"
			}
		},
		"require-relative": {
			"version": "0.8.7",
			"resolved": "https://registry.nlark.com/require-relative/download/require-relative-0.8.7.tgz",
			"integrity": "sha1-eZlTn8ngR6N5KPoZb44VY9q9Nt4=",
			"dev": true
		},
		"resolve": {
			"version": "1.20.0",
			"resolved": "https://registry.nlark.com/resolve/download/resolve-1.20.0.tgz",
			"integrity": "sha1-YpoBP7P3B1XW8LeTXMHCxTeLGXU=",
			"dev": true,
			"requires": {
				"is-core-module": "^2.2.0",
				"path-parse": "^1.0.6"
			}
		},
		"rollup": {
			"version": "2.60.0",
			"resolved": "https://registry.npmmirror.com/rollup/download/rollup-2.60.0.tgz?cache=0&sync_timestamp=1636694234912&other_urls=https%3A%2F%2Fregistry.npmmirror.com%2Frollup%2Fdownload%2Frollup-2.60.0.tgz",
			"integrity": "sha512-cHdv9GWd58v58rdseC8e8XIaPUo8a9cgZpnCMMDGZFDZKEODOiPPEQFXLriWr/TjXzhPPmG5bkAztPsOARIcGQ==",
			"dev": true,
			"requires": {
				"fsevents": "~2.3.2"
			}
		},
		"sade": {
			"version": "1.7.4",
			"resolved": "https://registry.nlark.com/sade/download/sade-1.7.4.tgz",
			"integrity": "sha1-6mgeDGXSSNIJXJBXjAPKC7G1RpE=",
			"dev": true,
			"requires": {
				"mri": "^1.1.0"
			}
		},
		"source-map-js": {
			"version": "0.6.2",
			"resolved": "https://registry.npmmirror.com/source-map-js/download/source-map-js-0.6.2.tgz",
			"integrity": "sha1-C7XeYxtBz72mz7qL0FqA79/SOF4=",
			"dev": true
		},
		"sourcemap-codec": {
			"version": "1.4.8",
			"resolved": "https://registry.nlark.com/sourcemap-codec/download/sourcemap-codec-1.4.8.tgz",
			"integrity": "sha1-6oBL2UhXQC5pktBaOO8a41qatMQ=",
			"dev": true
		},
		"svelte": {
			"version": "3.42.1",
			"resolved": "https://registry.npmjs.org/svelte/-/svelte-3.42.1.tgz",
			"integrity": "sha512-XtExLd2JAU3T7M2g/DkO3UNj/3n1WdTXrfL63OZ5nZq7nAqd9wQw+lR4Pv/wkVbrWbAIPfLDX47UjFdmnY+YtQ==",
			"dev": true
		},
		"svelte-hmr": {
			"version": "0.14.7",
			"resolved": "https://registry.npmmirror.com/svelte-hmr/download/svelte-hmr-0.14.7.tgz",
			"integrity": "sha1-f6gmHHsiXZQJ8KhvO56lw8pvZgc=",
			"dev": true
		},
		"vite": {
			"version": "2.6.14",
			"resolved": "https://registry.npmmirror.com/vite/download/vite-2.6.14.tgz?cache=0&sync_timestamp=1637156327614&other_urls=https%3A%2F%2Fregistry.npmmirror.com%2Fvite%2Fdownload%2Fvite-2.6.14.tgz",
			"integrity": "sha512-2HA9xGyi+EhY2MXo0+A2dRsqsAG3eFNEVIo12olkWhOmc8LfiM+eMdrXf+Ruje9gdXgvSqjLI9freec1RUM5EA==",
			"dev": true,
			"requires": {
				"esbuild": "^0.13.2",
				"fsevents": "~2.3.2",
				"postcss": "^8.3.8",
				"resolve": "^1.20.0",
				"rollup": "^2.57.0"
			}
		}
	}
}
